
Microsoft Visual Studio Solution File, Format Version 12.00
# Visual Studio Version 17
VisualStudioVersion = 17.14.37012.4 d17.14
MinimumVisualStudioVersion = 10.0.40219.1
Project("{FAE04EC0-301F-11D3-BF4B-00C04F79EFBC}") = "WindowsEx000", "WindowsEx000\WindowsEx000.csproj", "{C274E65E-5544-4C2C-A4AF-E4651E78915F}"
EndProject
Global
	GlobalSection(SolutionConfigurationPlatforms) = preSolution
		Debug|Any CPU = Debug|Any CPU
		Release|Any CPU = Release|Any CPU
	EndGlobalSection
	GlobalSection(ProjectConfigurationPlatforms) = postSolution
		{C274E65E-5544-4C2C-A4AF-E4651E78915F}.Debug|Any CPU.ActiveCfg = Debug|Any CPU
		{C274E65E-5544-4C2C-A4AF-E4651E78915F}.Debug|Any CPU.Build.0 = Debug|Any CPU
		{C274E65E-5544-4C2C-A4AF-E4651E78915F}.Release|Any CPU.ActiveCfg = Release|Any CPU
		{C274E65E-5544-4C2C-A4AF-E4651E78915F}.Release|Any CPU.Build.0 = Release|Any CPU
	EndGlobalSection
	GlobalSection(SolutionProperties) = preSolution
		HideSolutionNode = FALSE
	EndGlobalSection
	GlobalSection(ExtensibilityGlobals) = postSolution
		SolutionGuid = {E98D80AE-F8CF-4600-A8B6-ACC6D3B385B5}
	EndGlobalSection
EndGlobal
